// !$*UTF8*$!
{
	archiveVersion = 1;
	classes = {
	};
	objectVersion = 46;
	objects = {

/* Begin PBXBuildFile section */
		412744561E1CA1A30093927A /* Anrik_Plist.plist in Resources */ = {isa = PBXBuildFile; fileRef = 412744551E1CA1A30093927A /* Anrik_Plist.plist */; };
		4127445C1E1CA35E0093927A /* NSArray+HYBUnicodeReadable.m in Sources */ = {isa = PBXBuildFile; fileRef = 4127445B1E1CA35E0093927A /* NSArray+HYBUnicodeReadable.m */; };
		41DC29B01E1F717900DA48FE /* WPLogOutputer.m in Sources */ = {isa = PBXBuildFile; fileRef = 41DC29AF1E1F717800DA48FE /* WPLogOutputer.m */; };
		41EFE79E1E1C99500006CFE7 /* main.m in Sources */ = {isa = PBXBuildFile; fileRef = 41EFE79D1E1C99500006CFE7 /* main.m */; };
		41EFE7A11E1C99500006CFE7 /* AppDelegate.m in Sources */ = {isa = PBXBuildFile; fileRef = 41EFE7A01E1C99500006CFE7 /* AppDelegate.m */; };
		41EFE7A41E1C99500006CFE7 /* ViewController.m in Sources */ = {isa = PBXBuildFile; fileRef = 41EFE7A31E1C99500006CFE7 /* ViewController.m */; };
		41EFE7A71E1C99500006CFE7 /* Main.storyboard in Resources */ = {isa = PBXBuildFile; fileRef = 41EFE7A51E1C99500006CFE7 /* Main.storyboard */; };
		41EFE7A91E1C99500006CFE7 /* Assets.xcassets in Resources */ = {isa = PBXBuildFile; fileRef = 41EFE7A81E1C99500006CFE7 /* Assets.xcassets */; };
		41EFE7AC1E1C99500006CFE7 /* LaunchScreen.storyboard in Resources */ = {isa = PBXBuildFile; fileRef = 41EFE7AA1E1C99500006CFE7 /* LaunchScreen.storyboard */; };
/* End PBXBuildFile section */

/* Begin PBXFileReference section */
		412744551E1CA1A30093927A /* Anrik_Plist.plist */ = {isa = PBXFileReference; fileEncoding = 4; lastKnownFileType = text.plist.xml; path = Anrik_Plist.plist; sourceTree = "<group>"; };
		4127445A1E1CA35E0093927A /* NSArray+HYBUnicodeReadable.h */ = {isa = PBXFileReference; fileEncoding = 4; lastKnownFileType = sourcecode.c.h; path = "NSArray+HYBUnicodeReadable.h"; sourceTree = "<group>"; };
		4127445B1E1CA35E0093927A /* NSArray+HYBUnicodeReadable.m */ = {isa = PBXFileReference; fileEncoding = 4; lastKnownFileType = sourcecode.c.objc; path = "NSArray+HYBUnicodeReadable.m"; sourceTree = "<group>"; };
		41DC29AE1E1F717800DA48FE /* WPLogOutputer.h */ = {isa = PBXFileReference; fileEncoding = 4; lastKnownFileType = sourcecode.c.h; path = WPLogOutputer.h; sourceTree = "<group>"; };
		41DC29AF1E1F717800DA48FE /* WPLogOutputer.m */ = {isa = PBXFileReference; fileEncoding = 4; lastKnownFileType = sourcecode.c.objc; path = WPLogOutputer.m; sourceTree = "<group>"; };
		41EFE7991E1C99500006CFE7 /* WPLogOutputerDemo.app */ = {isa = PBXFileReference; explicitFileType = wrapper.application; includeInIndex = 0; path = WPLogOutputerDemo.app; sourceTree = BUILT_PRODUCTS_DIR; };
		41EFE79D1E1C99500006CFE7 /* main.m */ = {isa = PBXFileReference; lastKnownFileType = sourcecode.c.objc; path = main.m; sourceTree = "<group>"; };
		41EFE79F1E1C99500006CFE7 /* AppDelegate.h */ = {isa = PBXFileReference; lastKnownFileType = sourcecode.c.h; path = AppDelegate.h; sourceTree = "<group>"; };
		41EFE7A01E1C99500006CFE7 /* AppDelegate.m */ = {isa = PBXFileReference; lastKnownFileType = sourcecode.c.objc; path = AppDelegate.m; sourceTree = "<group>"; };
		41EFE7A21E1C99500006CFE7 /* ViewController.h */ = {isa = PBXFileReference; lastKnownFileType = sourcecode.c.h; path = ViewController.h; sourceTree = "<group>"; };
		41EFE7A31E1C99500006CFE7 /* ViewController.m */ = {isa = PBXFileReference; lastKnownFileType = sourcecode.c.objc; path = ViewController.m; sourceTree = "<group>"; };
		41EFE7A61E1C99500006CFE7 /* Base */ = {isa = PBXFileReference; lastKnownFileType = file.storyboard; name = Base; path = Base.lproj/Main.storyboard; sourceTree = "<group>"; };
		41EFE7A81E1C99500006CFE7 /* Assets.xcassets */ = {isa = PBXFileReference; lastKnownFileType = folder.assetcatalog; path = Assets.xcassets; sourceTree = "<group>"; };
		41EFE7AB1E1C99500006CFE7 /* Base */ = {isa = PBXFileReference; lastKnownFileType = file.storyboard; name = Base; path = Base.lproj/LaunchScreen.storyboard; sourceTree = "<group>"; };
		41EFE7AD1E1C99500006CFE7 /* Info.plist */ = {isa = PBXFileReference; lastKnownFileType = text.plist.xml; path = Info.plist; sourceTree = "<group>"; };
		41EFE7B71E1C99A80006CFE7 /* Header.h */ = {isa = PBXFileReference; fileEncoding = 4; lastKnownFileType = sourcecode.c.h; path = Header.h; sourceTree = "<group>"; };
		41EFE7B81E1C99A80006CFE7 /* PrefixHeader.pch */ = {isa = PBXFileReference; fileEncoding = 4; lastKnownFileType = sourcecode.c.h; path = PrefixHeader.pch; sourceTree = "<group>"; };
/* End PBXFileReference section */

/* Begin PBXFrameworksBuildPhase section */
		41EFE7961E1C99500006CFE7 /* Frameworks */ = {
			isa = PBXFrameworksBuildPhase;
			buildActionMask = 2147483647;
			files = (
			);
			runOnlyForDeploymentPostprocessing = 0;
		};
/* End PBXFrameworksBuildPhase section */

/* Begin PBXGroup section */
		41DC29AD1E1F717800DA48FE /* WPLogOutputer */ = {
			isa = PBXGroup;
			children = (
				41DC29AE1E1F717800DA48FE /* WPLogOutputer.h */,
				41DC29AF1E1F717800DA48FE /* WPLogOutputer.m */,
			);
			path = WPLogOutputer;
			sourceTree = "<group>";
		};
		41EFE7901E1C99500006CFE7 = {
			isa = PBXGroup;
			children = (
				41EFE79B1E1C99500006CFE7 /* WPLogOutputerDemo */,
				41EFE79A1E1C99500006CFE7 /* Products */,
			);
			sourceTree = "<group>";
		};
		41EFE79A1E1C99500006CFE7 /* Products */ = {
			isa = PBXGroup;
			children = (
				41EFE7991E1C99500006CFE7 /* WPLogOutputerDemo.app */,
			);
			name = Products;
			sourceTree = "<group>";
		};
		41EFE79B1E1C99500006CFE7 /* WPLogOutputerDemo */ = {
			isa = PBXGroup;
			children = (
				41DC29AD1E1F717800DA48FE /* WPLogOutputer */,
				41EFE79F1E1C99500006CFE7 /* AppDelegate.h */,
				41EFE7A01E1C99500006CFE7 /* AppDelegate.m */,
				41EFE7A21E1C99500006CFE7 /* ViewController.h */,
				41EFE7A31E1C99500006CFE7 /* ViewController.m */,
				41EFE7A51E1C99500006CFE7 /* Main.storyboard */,
				41EFE7B71E1C99A80006CFE7 /* Header.h */,
				41EFE7B81E1C99A80006CFE7 /* PrefixHeader.pch */,
				4127445A1E1CA35E0093927A /* NSArray+HYBUnicodeReadable.h */,
				4127445B1E1CA35E0093927A /* NSArray+HYBUnicodeReadable.m */,
				41EFE7A81E1C99500006CFE7 /* Assets.xcassets */,
				41EFE7AA1E1C99500006CFE7 /* LaunchScreen.storyboard */,
				41EFE7AD1E1C99500006CFE7 /* Info.plist */,
				412744551E1CA1A30093927A /* Anrik_Plist.plist */,
				41EFE79C1E1C99500006CFE7 /* Supporting Files */,
			);
			path = WPLogOutputerDemo;
			sourceTree = "<group>";
		};
		41EFE79C1E1C99500006CFE7 /* Supporting Files */ = {
			isa = PBXGroup;
			children = (
				41EFE79D1E1C99500006CFE7 /* main.m */,
			);
			name = "Supporting Files";
			sourceTree = "<group>";
		};
/* End PBXGroup section */

/* Begin PBXNativeTarget section */
		41EFE7981E1C99500006CFE7 /* WPLogOutputerDemo */ = {
			isa = PBXNativeTarget;
			buildConfigurationList = 41EFE7B01E1C99500006CFE7 /* Build configuration list for PBXNativeTarget "WPLogOutputerDemo" */;
			buildPhases = (
				41EFE7951E1C99500006CFE7 /* Sources */,
				41EFE7961E1C99500006CFE7 /* Frameworks */,
				41EFE7971E1C99500006CFE7 /* Resources */,
			);
			buildRules = (
			);
			dependencies = (
			);
			name = WPLogOutputerDemo;
			productName = WPLogOutputerDemo;
			productReference = 41EFE7991E1C99500006CFE7 /* WPLogOutputerDemo.app */;
			productType = "com.apple.product-type.application";
		};
/* End PBXNativeTarget section */

/* Begin PBXProject section */
		41EFE7911E1C99500006CFE7 /* Project object */ = {
			isa = PBXProject;
			attributes = {
				LastUpgradeCheck = 0820;
				ORGANIZATIONNAME = Anrik;
				TargetAttributes = {
					41EFE7981E1C99500006CFE7 = {
						CreatedOnToolsVersion = 8.2;
						DevelopmentTeam = NCGQJ3Q626;
						ProvisioningStyle = Automatic;
					};
				};
			};
			buildConfigurationList = 41EFE7941E1C99500006CFE7 /* Build configuration list for PBXProject "WPLogOutputerDemo" */;
			compatibilityVersion = "Xcode 3.2";
			developmentRegion = English;
			hasScannedForEncodings = 0;
			knownRegions = (
				en,
				Base,
			);
			mainGroup = 41EFE7901E1C99500006CFE7;
			productRefGroup = 41EFE79A1E1C99500006CFE7 /* Products */;
			projectDirPath = "";
			projectRoot = "";
			targets = (
				41EFE7981E1C99500006CFE7 /* WPLogOutputerDemo */,
			);
		};
/* End PBXProject section */

/* Begin PBXResourcesBuildPhase section */
		41EFE7971E1C99500006CFE7 /* Resources */ = {
			isa = PBXResourcesBuildPhase;
			buildActionMask = 2147483647;
			files = (
				41EFE7AC1E1C99500006CFE7 /* LaunchScreen.storyboard in Resources */,
				41EFE7A91E1C99500006CFE7 /* Assets.xcassets in Resources */,
				41EFE7A71E1C99500006CFE7 /* Main.storyboard in Resources */,
				412744561E1CA1A30093927A /* Anrik_Plist.plist in Resources */,
			);
			runOnlyForDeploymentPostprocessing = 0;
		};
/* End PBXResourcesBuildPhase section */

/* Begin PBXSourcesBuildPhase section */
		41EFE7951E1C99500006CFE7 /* Sources */ = {
			isa = PBXSourcesBuildPhase;
			buildActionMask = 2147483647;
			files = (
				41EFE7A41E1C99500006CFE7 /* ViewController.m in Sources */,
				41EFE7A11E1C99500006CFE7 /* AppDelegate.m in Sources */,
				41EFE79E1E1C99500006CFE7 /* main.m in Sources */,
				4127445C1E1CA35E0093927A /* NSArray+HYBUnicodeReadable.m in Sources */,
				41DC29B01E1F717900DA48FE /* WPLogOutputer.m in Sources */,
			);
			runOnlyForDeploymentPostprocessing = 0;
		};
/* End PBXSourcesBuildPhase section */

/* Begin PBXVariantGroup section */
		41EFE7A51E1C99500006CFE7 /* Main.storyboard */ = {
			isa = PBXVariantGroup;
			children = (
				41EFE7A61E1C99500006CFE7 /* Base */,
			);
			name = Main.storyboard;
			sourceTree = "<group>";
		};
		41EFE7AA1E1C99500006CFE7 /* LaunchScreen.storyboard */ = {
			isa = PBXVariantGroup;
			children = (
				41EFE7AB1E1C99500006CFE7 /* Base */,
			);
			name = LaunchScreen.storyboard;
			sourceTree = "<group>";
		};
/* End PBXVariantGroup section */

/* Begin XCBuildConfiguration section */
		41EFE7AE1E1C99500006CFE7 /* Debug */ = {
			isa = XCBuildConfiguration;
			buildSettings = {
				ALWAYS_SEARCH_USER_PATHS = NO;
				CLANG_ANALYZER_NONNULL = YES;
				CLANG_CXX_LANGUAGE_STANDARD = "gnu++0x";
				CLANG_CXX_LIBRARY = "libc++";
				CLANG_ENABLE_MODULES = YES;
				CLANG_ENABLE_OBJC_ARC = YES;
				CLANG_WARN_BOOL_CONVERSION = YES;
				CLANG_WARN_CONSTANT_CONVERSION = YES;
				CLANG_WARN_DIRECT_OBJC_ISA_USAGE = YES_ERROR;
				CLANG_WARN_DOCUMENTATION_COMMENTS = YES;
				CLANG_WARN_EMPTY_BODY = YES;
				CLANG_WARN_ENUM_CONVERSION = YES;
				CLANG_WARN_INFINITE_RECURSION = YES;
				CLANG_WARN_INT_CONVERSION = YES;
				CLANG_WARN_OBJC_ROOT_CLASS = YES_ERROR;
				CLANG_WARN_SUSPICIOUS_MOVE = YES;
				CLANG_WARN_UNREACHABLE_CODE = YES;
				CLANG_WARN__DUPLICATE_METHOD_MATCH = YES;
				"CODE_SIGN_IDENTITY[sdk=iphoneos*]" = "iPhone Developer";
				COPY_PHASE_STRIP = NO;
				DEBUG_INFORMATION_FORMAT = dwarf;
				ENABLE_STRICT_OBJC_MSGSEND = YES;
				ENABLE_TESTABILITY = YES;
				GCC_C_LANGUAGE_STANDARD = gnu99;
				GCC_DYNAMIC_NO_PIC = NO;
				GCC_NO_COMMON_BLOCKS = YES;
				GCC_OPTIMIZATION_LEVEL = 0;
				GCC_PREPROCESSOR_DEFINITIONS = (
					"DEBUG=1",
					"$(inherited)",
				);
				GCC_WARN_64_TO_32_BIT_CONVERSION = YES;
				GCC_WARN_ABOUT_RETURN_TYPE = YES_ERROR;
				GCC_WARN_UNDECLARED_SELECTOR = YES;
				GCC_WARN_UNINITIALIZED_AUTOS = YES_AGGRESSIVE;
				GCC_WARN_UNUSED_FUNCTION = YES;
				GCC_WARN_UNUSED_VARIABLE = YES;
				IPHONEOS_DEPLOYMENT_TARGET = 10.2;
				MTL_ENABLE_DEBUG_INFO = YES;
				ONLY_ACTIVE_ARCH = YES;
				SDKROOT = iphoneos;
				TARGETED_DEVICE_FAMILY = "1,2";
			};
			name = Debug;
		};
		41EFE7AF1E1C99500006CFE7 /* Release */ = {
			isa = XCBuildConfiguration;
			buildSettings = {
				ALWAYS_SEARCH_USER_PATHS = NO;
				CLANG_ANALYZER_NONNULL = YES;
				CLANG_CXX_LANGUAGE_STANDARD = "gnu++0x";
				CLANG_CXX_LIBRARY = "libc++";
				CLANG_ENABLE_MODULES = YES;
				CLANG_ENABLE_OBJC_ARC = YES;
				CLANG_WARN_BOOL_CONVERSION = YES;
				CLANG_WARN_CONSTANT_CONVERSION = YES;
				CLANG_WARN_DIRECT_OBJC_ISA_USAGE = YES_ERROR;
				CLANG_WARN_DOCUMENTATION_COMMENTS = YES;
				CLANG_WARN_EMPTY_BODY = YES;
				CLANG_WARN_ENUM_CONVERSION = YES;
				CLANG_WARN_INFINITE_RECURSION = YES;
				CLANG_WARN_INT_CONVERSION = YES;
				CLANG_WARN_OBJC_ROOT_CLASS = YES_ERROR;
				CLANG_WARN_SUSPICIOUS_MOVE = YES;
				CLANG_WARN_UNREACHABLE_CODE = YES;
				CLANG_WARN__DUPLICATE_METHOD_MATCH = YES;
				"CODE_SIGN_IDENTITY[sdk=iphoneos*]" = "iPhone Developer";
				COPY_PHASE_STRIP = NO;
				DEBUG_INFORMATION_FORMAT = "dwarf-with-dsym";
				ENABLE_NS_ASSERTIONS = NO;
				ENABLE_STRICT_OBJC_MSGSEND = YES;
				GCC_C_LANGUAGE_STANDARD = gnu99;
				GCC_NO_COMMON_BLOCKS = YES;
				GCC_WARN_64_TO_32_BIT_CONVERSION = YES;
				GCC_WARN_ABOUT_RETURN_TYPE = YES_ERROR;
				GCC_WARN_UNDECLARED_SELECTOR = YES;
				GCC_WARN_UNINITIALIZED_AUTOS = YES_AGGRESSIVE;
				GCC_WARN_UNUSED_FUNCTION = YES;
				GCC_WARN_UNUSED_VARIABLE = YES;
				IPHONEOS_DEPLOYMENT_TARGET = 10.2;
				MTL_ENABLE_DEBUG_INFO = NO;
				SDKROOT = iphoneos;
				TARGETED_DEVICE_FAMILY = "1,2";
				VALIDATE_PRODUCT = YES;
			};
			name = Release;
		};
		41EFE7B11E1C99500006CFE7 /* Debug */ = {
			isa = XCBuildConfiguration;
			buildSettings = {
				ASSETCATALOG_COMPILER_APPICON_NAME = AppIcon;
				DEVELOPMENT_TEAM = NCGQJ3Q626;
				GCC_PRECOMPILE_PREFIX_HEADER = YES;
				GCC_PREFIX_HEADER = "$(SRCROOT)/WPLogOutputerDemo/PrefixHeader.pch";
				INFOPLIST_FILE = WPLogOutputerDemo/Info.plist;
				IPHONEOS_DEPLOYMENT_TARGET = 8.0;
				LD_RUNPATH_SEARCH_PATHS = "$(inherited) @executable_path/Frameworks";
				PRODUCT_BUNDLE_IDENTIFIER = Anrik.WPLogOutputerDemo;
				PRODUCT_NAME = "$(TARGET_NAME)";
			};
			name = Debug;
		};
		41EFE7B21E1C99500006CFE7 /* Release */ = {
			isa = XCBuildConfiguration;
			buildSettings = {
				ASSETCATALOG_COMPILER_APPICON_NAME = AppIcon;
				DEVELOPMENT_TEAM = NCGQJ3Q626;
				GCC_PRECOMPILE_PREFIX_HEADER = YES;
				GCC_PREFIX_HEADER = "$(SRCROOT)/WPLogOutputerDemo/PrefixHeader.pch";
				INFOPLIST_FILE = WPLogOutputerDemo/Info.plist;
				IPHONEOS_DEPLOYMENT_TARGET = 8.0;
				LD_RUNPATH_SEARCH_PATHS = "$(inherited) @executable_path/Frameworks";
				PRODUCT_BUNDLE_IDENTIFIER = Anrik.WPLogOutputerDemo;
				PRODUCT_NAME = "$(TARGET_NAME)";
			};
			name = Release;
		};
/* End XCBuildConfiguration section */

/* Begin XCConfigurationList section */
		41EFE7941E1C99500006CFE7 /* Build configuration list for PBXProject "WPLogOutputerDemo" */ = {
			isa = XCConfigurationList;
			buildConfigurations = (
				41EFE7AE1E1C99500006CFE7 /* Debug */,
				41EFE7AF1E1C99500006CFE7 /* Release */,
			);
			defaultConfigurationIsVisible = 0;
			defaultConfigurationName = Release;
		};
		41EFE7B01E1C99500006CFE7 /* Build configuration list for PBXNativeTarget "WPLogOutputerDemo" */ = {
			isa = XCConfigurationList;
			buildConfigurations = (
				41EFE7B11E1C99500006CFE7 /* Debug */,
				41EFE7B21E1C99500006CFE7 /* Release */,
			);
			defaultConfigurationIsVisible = 0;
			defaultConfigurationName = Release;
		};
/* End XCConfigurationList section */
	};
	rootObject = 41EFE7911E1C99500006CFE7 /* Project object */;
}
